github.com/jdlfounder/foo v1.0.0/go.mod h1:PyO8sKgJaF+dowt4FCZaLHKlLKamXfWjAZ7mGKawd68=
github.com/jdlfounder/foo v1.0.1 h1:K9pyCVeofGr7YLOCZ/4fjZRJuJyrVa7wimZcMZ/gRUo=
github.com/jdlfounder/foo v1.0.1/go.mod h1:PyO8sKgJaF+dowt4FCZaLHKlLKamXfWjAZ7mGKawd68=
github.com/jdlfounder/foo v1.0.3 h1:326s8H4qKJSGgPx1CbUKWyvTSW/FP+Vy6hKPMO1Kym0=
github.com/jdlfounder/foo v1.0.3/go.mod h1:PyO8sKgJaF+dowt4FCZaLHKlLKamXfWjAZ7mGKawd68=
